{
    "name": "wefreight-shipper-form",
    "version": "1.0.0",
    "lockfileVersion": 2,
    "requires": true,
    "packages": {
        "": {
            "name": "wefreight-shipper-form",
            "version": "1.0.0",
            "dependencies": {
                "nodemailer": "^6.9.7"
            }
        },
        "node_modules/nodemailer": {
            "version": "6.9.7",
            "resolved": "https://registry.npmjs.org/nodemailer/-/nodemailer-6.9.7.tgz",
            "integrity": "sha512-r_gQ311+2S9gkees33+z3F2I2bjhHDJbIB3W23bH3c9A2c23+t1iD5a1s3c1C2l3sJ4+ajsi2Z5q2TRzxkHlDw==",
            "engines": {
                "node": ">=6.0.0"
            }
        }
    },
    "dependencies": {
        "nodemailer": {
            "version": "6.9.7",
            "resolved": "https://registry.npmjs.org/nodemailer/-/nodemailer-6.9.7.tgz",
            "integrity": "sha512-r_gQ311+2S9gkees33+z3F2I2bjhHDJbIB3W23bH3c9A2c23+t1iD5a1s3c1C2l3sJ4+ajsi2Z5q2TRzxkHlDw=="
        }
    }
}
